
Microsoft Visual Studio Solution File, Format Version 12.00
# Visual Studio Version 16
VisualStudioVersion = 16.0.28803.352
MinimumVisualStudioVersion = 10.0.40219.1
Project("{FAE04EC0-301F-11D3-BF4B-00C04F79EFBC}") = "HappyDogShow", "HappyDogShow\HappyDogShow.csproj", "{122FD7B4-C3BD-43AD-852A-E66FE56B6684}"
EndProject
Project("{FAE04EC0-301F-11D3-BF4B-00C04F79EFBC}") = "HappyDogShow.Infrastructure", "HappyDogShow.Infrastructure\HappyDogShow.Infrastructure.csproj", "{1444F955-65B2-412A-A1BE-2511FFE5C2C6}"
EndProject
Project("{FAE04EC0-301F-11D3-BF4B-00C04F79EFBC}") = "HappyDogShow.Modules.Dogs", "HoppyDogShow.Modules.Dogs\HappyDogShow.Modules.Dogs.csproj", "{B429D3CA-15C0-4D8D-BD1D-30F1DD3C64CC}"
EndProject
Project("{FAE04EC0-301F-11D3-BF4B-00C04F79EFBC}") = "HappyDogShow.Data", "HappyDogShow.Data\HappyDogShow.Data.csproj", "{DC51C5E5-D670-4012-B0B6-D1C2CFB31894}"
EndProject
Project("{FAE04EC0-301F-11D3-BF4B-00C04F79EFBC}") = "HappyDogShow.Modules.Entries", "HappyDogShow.Modules.Entries\HappyDogShow.Modules.Entries.csproj", "{E3E19A85-F4B4-4F30-83A5-AABC7D2E9FCA}"
EndProject
Project("{FAE04EC0-301F-11D3-BF4B-00C04F79EFBC}") = "HappyDogShow.Modules.Shows", "HappyDogShow.Modules.Shows\HappyDogShow.Modules.Shows.csproj", "{622535A1-A459-41EF-8BE3-56261162CE94}"
EndProject
Project("{FAE04EC0-301F-11D3-BF4B-00C04F79EFBC}") = "HappyDogShow.Services.Infrastructure", "HappyDogShow.Services.Infrastructure\HappyDogShow.Services.Infrastructure.csproj", "{EFC72165-674F-4D99-B464-13E26B9C45FA}"
EndProject
Project("{FAE04EC0-301F-11D3-BF4B-00C04F79EFBC}") = "HappyDogShow.Services", "HappyDogShow.Services\HappyDogShow.Services.csproj", "{793F0329-B34D-4F5A-9787-91AFECD2B6AD}"
EndProject
Project("{FAE04EC0-301F-11D3-BF4B-00C04F79EFBC}") = "HappyDogShow.SharedModels", "HappyDogShow.SharedModels\HappyDogShow.SharedModels.csproj", "{FC7EFCE2-363D-4E76-8E92-DBDA33884FAB}"
EndProject
Global
	GlobalSection(SolutionConfigurationPlatforms) = preSolution
		Debug|Any CPU = Debug|Any CPU
		Release|Any CPU = Release|Any CPU
	EndGlobalSection
	GlobalSection(ProjectConfigurationPlatforms) = postSolution
		{122FD7B4-C3BD-43AD-852A-E66FE56B6684}.Debug|Any CPU.ActiveCfg = Debug|Any CPU
		{122FD7B4-C3BD-43AD-852A-E66FE56B6684}.Debug|Any CPU.Build.0 = Debug|Any CPU
		{122FD7B4-C3BD-43AD-852A-E66FE56B6684}.Release|Any CPU.ActiveCfg = Release|Any CPU
		{122FD7B4-C3BD-43AD-852A-E66FE56B6684}.Release|Any CPU.Build.0 = Release|Any CPU
		{1444F955-65B2-412A-A1BE-2511FFE5C2C6}.Debug|Any CPU.ActiveCfg = Debug|Any CPU
		{1444F955-65B2-412A-A1BE-2511FFE5C2C6}.Debug|Any CPU.Build.0 = Debug|Any CPU
		{1444F955-65B2-412A-A1BE-2511FFE5C2C6}.Release|Any CPU.ActiveCfg = Release|Any CPU
		{1444F955-65B2-412A-A1BE-2511FFE5C2C6}.Release|Any CPU.Build.0 = Release|Any CPU
		{B429D3CA-15C0-4D8D-BD1D-30F1DD3C64CC}.Debug|Any CPU.ActiveCfg = Debug|Any CPU
		{B429D3CA-15C0-4D8D-BD1D-30F1DD3C64CC}.Debug|Any CPU.Build.0 = Debug|Any CPU
		{B429D3CA-15C0-4D8D-BD1D-30F1DD3C64CC}.Release|Any CPU.ActiveCfg = Release|Any CPU
		{B429D3CA-15C0-4D8D-BD1D-30F1DD3C64CC}.Release|Any CPU.Build.0 = Release|Any CPU
		{DC51C5E5-D670-4012-B0B6-D1C2CFB31894}.Debug|Any CPU.ActiveCfg = Debug|Any CPU
		{DC51C5E5-D670-4012-B0B6-D1C2CFB31894}.Debug|Any CPU.Build.0 = Debug|Any CPU
		{DC51C5E5-D670-4012-B0B6-D1C2CFB31894}.Release|Any CPU.ActiveCfg = Release|Any CPU
		{DC51C5E5-D670-4012-B0B6-D1C2CFB31894}.Release|Any CPU.Build.0 = Release|Any CPU
		{E3E19A85-F4B4-4F30-83A5-AABC7D2E9FCA}.Debug|Any CPU.ActiveCfg = Debug|Any CPU
		{E3E19A85-F4B4-4F30-83A5-AABC7D2E9FCA}.Debug|Any CPU.Build.0 = Debug|Any CPU
		{E3E19A85-F4B4-4F30-83A5-AABC7D2E9FCA}.Release|Any CPU.ActiveCfg = Release|Any CPU
		{E3E19A85-F4B4-4F30-83A5-AABC7D2E9FCA}.Release|Any CPU.Build.0 = Release|Any CPU
		{622535A1-A459-41EF-8BE3-56261162CE94}.Debug|Any CPU.ActiveCfg = Debug|Any CPU
		{622535A1-A459-41EF-8BE3-56261162CE94}.Debug|Any CPU.Build.0 = Debug|Any CPU
		{622535A1-A459-41EF-8BE3-56261162CE94}.Release|Any CPU.ActiveCfg = Release|Any CPU
		{622535A1-A459-41EF-8BE3-56261162CE94}.Release|Any CPU.Build.0 = Release|Any CPU
		{EFC72165-674F-4D99-B464-13E26B9C45FA}.Debug|Any CPU.ActiveCfg = Debug|Any CPU
		{EFC72165-674F-4D99-B464-13E26B9C45FA}.Debug|Any CPU.Build.0 = Debug|Any CPU
		{EFC72165-674F-4D99-B464-13E26B9C45FA}.Release|Any CPU.ActiveCfg = Release|Any CPU
		{EFC72165-674F-4D99-B464-13E26B9C45FA}.Release|Any CPU.Build.0 = Release|Any CPU
		{793F0329-B34D-4F5A-9787-91AFECD2B6AD}.Debug|Any CPU.ActiveCfg = Debug|Any CPU
		{793F0329-B34D-4F5A-9787-91AFECD2B6AD}.Debug|Any CPU.Build.0 = Debug|Any CPU
		{793F0329-B34D-4F5A-9787-91AFECD2B6AD}.Release|Any CPU.ActiveCfg = Release|Any CPU
		{793F0329-B34D-4F5A-9787-91AFECD2B6AD}.Release|Any CPU.Build.0 = Release|Any CPU
		{FC7EFCE2-363D-4E76-8E92-DBDA33884FAB}.Debug|Any CPU.ActiveCfg = Debug|Any CPU
		{FC7EFCE2-363D-4E76-8E92-DBDA33884FAB}.Debug|Any CPU.Build.0 = Debug|Any CPU
		{FC7EFCE2-363D-4E76-8E92-DBDA33884FAB}.Release|Any CPU.ActiveCfg = Release|Any CPU
		{FC7EFCE2-363D-4E76-8E92-DBDA33884FAB}.Release|Any CPU.Build.0 = Release|Any CPU
	EndGlobalSection
	GlobalSection(SolutionProperties) = preSolution
		HideSolutionNode = FALSE
	EndGlobalSection
	GlobalSection(ExtensibilityGlobals) = postSolution
		SolutionGuid = {5CC4B800-0477-4CCE-8E19-9070384BB70D}
	EndGlobalSection
EndGlobal
